
Microsoft Visual Studio Solution File, Format Version 12.00
# Visual Studio Version 16
VisualStudioVersion = 16.0.31402.337
MinimumVisualStudioVersion = 10.0.40219.1
Project("{8BC9CEB8-8B4A-11D0-8D11-00A0C91BC942}") = "myRosterApp", "myRosterApp\myRosterApp.vcxproj", "{28DEF30E-6621-496B-A557-83244089FB0E}"
EndProject
Global
	GlobalSection(SolutionConfigurationPlatforms) = preSolution
		Debug|x64 = Debug|x64
		Debug|x86 = Debug|x86
		Release|x64 = Release|x64
		Release|x86 = Release|x86
	EndGlobalSection
	GlobalSection(ProjectConfigurationPlatforms) = postSolution
		{28DEF30E-6621-496B-A557-83244089FB0E}.Debug|x64.ActiveCfg = Debug|x64
		{28DEF30E-6621-496B-A557-83244089FB0E}.Debug|x64.Build.0 = Debug|x64
		{28DEF30E-6621-496B-A557-83244089FB0E}.Debug|x86.ActiveCfg = Debug|Win32
		{28DEF30E-6621-496B-A557-83244089FB0E}.Debug|x86.Build.0 = Debug|Win32
		{28DEF30E-6621-496B-A557-83244089FB0E}.Release|x64.ActiveCfg = Release|x64
		{28DEF30E-6621-496B-A557-83244089FB0E}.Release|x64.Build.0 = Release|x64
		{28DEF30E-6621-496B-A557-83244089FB0E}.Release|x86.ActiveCfg = Release|Win32
		{28DEF30E-6621-496B-A557-83244089FB0E}.Release|x86.Build.0 = Release|Win32
	EndGlobalSection
	GlobalSection(SolutionProperties) = preSolution
		HideSolutionNode = FALSE
	EndGlobalSection
	GlobalSection(ExtensibilityGlobals) = postSolution
		SolutionGuid = {FBA4DFCC-D4AE-4D5D-85A8-09F9AD6B02B7}
	EndGlobalSection
EndGlobal
